<Solution>
  <Folder Name="/Solution Items/">
    <File Path="compose.yaml" />
  </Folder>
  <Project Path="Enarro.AppHost/Enarro.AppHost.csproj" />
  <Project Path="Enarro.Application/Enarro.Application.csproj" />
  <Project Path="Enarro.Domain/Enarro.Domain.csproj" />
  <Project Path="Enarro.Infrastructure/Enarro.Infrastructure.csproj" />
  <Project Path="Enarro.Persistence/Enarro.Persistence.csproj" />
  <Project Path="Enarro.ServiceDefaults/Enarro.ServiceDefaults.csproj" />
  <Project Path="Enarro/Enarro.csproj" />
</Solution>
